<?xml version="1.0" encoding="UTF-8" standalone="yes" ?>
<CodeBlocks_project_file>
	<FileVersion major="1" minor="6" />
	<Project>
		<Option title="OpenGL cube" />
		<Option pch_mode="2" />
		<Option compiler="gcc" />
		<Build>
			<Target title="Debug">
				<Option output="bin/Debug/OpenGL cube" prefix_auto="1" extension_auto="1" />
				<Option object_output="obj/Debug/" />
				<Option type="1" />
				<Option compiler="gcc" />
				<Compiler>
					<Add option="-std=c++0x" />
					<Add option="-g" />
					<Add directory="C:/C++/GLEW-1.11.0/include" />
					<Add directory="C:/C++/GLFW-3.0.4/include" />
					<Add directory="C:/C++/GLM-0.9.5.4/include" />
				</Compiler>
				<Linker>
					<Add library="C:\C++\GLEW-1.11.0\lib\libglew32.a" />
					<Add library="C:\C++\GLFW-3.0.4\lib\libglfw3.a" />
					<Add library="C:\C++\TDM-4.8.1\x86_64-w64-mingw32\lib\libglu32.a" />
					<Add library="C:\C++\TDM-4.8.1\x86_64-w64-mingw32\lib\libgdi32.a" />
					<Add library="C:\C++\TDM-4.8.1\x86_64-w64-mingw32\lib\libopengl32.a" />
				</Linker>
			</Target>
		</Build>
		<Compiler>
			<Add option="-Wall" />
			<Add option="-fexceptions" />
		</Compiler>
		<Unit filename="FPS.hpp" />
		<Unit filename="FragmentShader.glsl" />
		<Unit filename="VertexShader.glsl" />
		<Unit filename="main.cpp" />
		<Unit filename="shaders.cpp" />
		<Unit filename="shaders.hpp" />
		<Extensions>
			<code_completion />
			<envvars />
			<debugger />
			<lib_finder disable_auto="1" />
		</Extensions>
	</Project>
</CodeBlocks_project_file>
